// !$*UTF8*$!
{
	archiveVersion = 1;
	classes = {
	};
	objectVersion = 48;
	objects = {

/* Begin PBXBuildFile section */
		C00F88FC2016A23100EF77C0 /* Assets.xcassets in Resources */ = {isa = PBXBuildFile; fileRef = C00F88FB2016A23100EF77C0 /* Assets.xcassets */; };
		C00F89002019D2DA00EF77C0 /* ICOCell.swift in Sources */ = {isa = PBXBuildFile; fileRef = C00F88FF2019D2DA00EF77C0 /* ICOCell.swift */; };
		C08CF127201ACB1300E8C927 /* NEP5Cell.swift in Sources */ = {isa = PBXBuildFile; fileRef = C08CF126201ACB1300E8C927 /* NEP5Cell.swift */; };
		C0A27CA82013510C00F5B94F /* QueryService.swift in Sources */ = {isa = PBXBuildFile; fileRef = C0A27CA72013510C00F5B94F /* QueryService.swift */; };
		C0A27CAD2013E99A00F5B94F /* CoinModel.swift in Sources */ = {isa = PBXBuildFile; fileRef = C0A27CAC2013E99A00F5B94F /* CoinModel.swift */; };
		C0D67D90202080CC00A00551 /* ChartModel.swift in Sources */ = {isa = PBXBuildFile; fileRef = C0D67D8F202080CC00A00551 /* ChartModel.swift */; };
		C0FEE1812012ACE900D56C99 /* AppDelegate.swift in Sources */ = {isa = PBXBuildFile; fileRef = C0FEE1802012ACE900D56C99 /* AppDelegate.swift */; };
		C0FEE1832012ACE900D56C99 /* ViewController.swift in Sources */ = {isa = PBXBuildFile; fileRef = C0FEE1822012ACE900D56C99 /* ViewController.swift */; };
		C0FEE1862012ACE900D56C99 /* Main.storyboard in Resources */ = {isa = PBXBuildFile; fileRef = C0FEE1842012ACE900D56C99 /* Main.storyboard */; };
		C0FEE18B2012ACE900D56C99 /* LaunchScreen.storyboard in Resources */ = {isa = PBXBuildFile; fileRef = C0FEE1892012ACE900D56C99 /* LaunchScreen.storyboard */; };
		C0FEE1962012ACE900D56C99 /* neoNetworkTests.swift in Sources */ = {isa = PBXBuildFile; fileRef = C0FEE1952012ACE900D56C99 /* neoNetworkTests.swift */; };
		C0FEE1A12012ACE900D56C99 /* neoNetworkUITests.swift in Sources */ = {isa = PBXBuildFile; fileRef = C0FEE1A02012ACE900D56C99 /* neoNetworkUITests.swift */; };
		C0FEE1AF2012CCDD00D56C99 /* Podfile in Sources */ = {isa = PBXBuildFile; fileRef = C0FEE1AE2012CCDD00D56C99 /* Podfile */; };
		DB1BA980722C19F998FC1CE5 /* Pods_neoNetwork.framework in Frameworks */ = {isa = PBXBuildFile; fileRef = 1569A03B4695DEDD7BE51264 /* Pods_neoNetwork.framework */; };
/* End PBXBuildFile section */

/* Begin PBXContainerItemProxy section */
		C0FEE1922012ACE900D56C99 /* PBXContainerItemProxy */ = {
			isa = PBXContainerItemProxy;
			containerPortal = C0FEE1752012ACE900D56C99 /* Project object */;
			proxyType = 1;
			remoteGlobalIDString = C0FEE17C2012ACE900D56C99;
			remoteInfo = neoNetwork;
		};
		C0FEE19D2012ACE900D56C99 /* PBXContainerItemProxy */ = {
			isa = PBXContainerItemProxy;
			containerPortal = C0FEE1752012ACE900D56C99 /* Project object */;
			proxyType = 1;
			remoteGlobalIDString = C0FEE17C2012ACE900D56C99;
			remoteInfo = neoNetwork;
		};
/* End PBXContainerItemProxy section */

/* Begin PBXFileReference section */
		1569A03B4695DEDD7BE51264 /* Pods_neoNetwork.framework */ = {isa = PBXFileReference; explicitFileType = wrapper.framework; includeInIndex = 0; path = Pods_neoNetwork.framework; sourceTree = BUILT_PRODUCTS_DIR; };
		C00F88FB2016A23100EF77C0 /* Assets.xcassets */ = {isa = PBXFileReference; lastKnownFileType = folder.assetcatalog; path = Assets.xcassets; sourceTree = "<group>"; };
		C00F88FF2019D2DA00EF77C0 /* ICOCell.swift */ = {isa = PBXFileReference; lastKnownFileType = sourcecode.swift; path = ICOCell.swift; sourceTree = "<group>"; };
		C08CF126201ACB1300E8C927 /* NEP5Cell.swift */ = {isa = PBXFileReference; lastKnownFileType = sourcecode.swift; path = NEP5Cell.swift; sourceTree = "<group>"; };
		C0A27CA72013510C00F5B94F /* QueryService.swift */ = {isa = PBXFileReference; lastKnownFileType = sourcecode.swift; path = QueryService.swift; sourceTree = "<group>"; };
		C0A27CAC2013E99A00F5B94F /* CoinModel.swift */ = {isa = PBXFileReference; lastKnownFileType = sourcecode.swift; path = CoinModel.swift; sourceTree = "<group>"; };
		C0D67D8F202080CC00A00551 /* ChartModel.swift */ = {isa = PBXFileReference; lastKnownFileType = sourcecode.swift; path = ChartModel.swift; sourceTree = "<group>"; };
		C0FEE17D2012ACE900D56C99 /* neoNetwork.app */ = {isa = PBXFileReference; explicitFileType = wrapper.application; includeInIndex = 0; path = neoNetwork.app; sourceTree = BUILT_PRODUCTS_DIR; };
		C0FEE1802012ACE900D56C99 /* AppDelegate.swift */ = {isa = PBXFileReference; lastKnownFileType = sourcecode.swift; path = AppDelegate.swift; sourceTree = "<group>"; };
		C0FEE1822012ACE900D56C99 /* ViewController.swift */ = {isa = PBXFileReference; lastKnownFileType = sourcecode.swift; path = ViewController.swift; sourceTree = "<group>"; };
		C0FEE1852012ACE900D56C99 /* Base */ = {isa = PBXFileReference; lastKnownFileType = file.storyboard; name = Base; path = Base.lproj/Main.storyboard; sourceTree = "<group>"; };
		C0FEE18A2012ACE900D56C99 /* Base */ = {isa = PBXFileReference; lastKnownFileType = file.storyboard; name = Base; path = Base.lproj/LaunchScreen.storyboard; sourceTree = "<group>"; };
		C0FEE18C2012ACE900D56C99 /* Info.plist */ = {isa = PBXFileReference; lastKnownFileType = text.plist.xml; path = Info.plist; sourceTree = "<group>"; };
		C0FEE1912012ACE900D56C99 /* neoNetworkTests.xctest */ = {isa = PBXFileReference; explicitFileType = wrapper.cfbundle; includeInIndex = 0; path = neoNetworkTests.xctest; sourceTree = BUILT_PRODUCTS_DIR; };
		C0FEE1952012ACE900D56C99 /* neoNetworkTests.swift */ = {isa = PBXFileReference; lastKnownFileType = sourcecode.swift; path = neoNetworkTests.swift; sourceTree = "<group>"; };
		C0FEE1972012ACE900D56C99 /* Info.plist */ = {isa = PBXFileReference; lastKnownFileType = text.plist.xml; path = Info.plist; sourceTree = "<group>"; };
		C0FEE19C2012ACE900D56C99 /* neoNetworkUITests.xctest */ = {isa = PBXFileReference; explicitFileType = wrapper.cfbundle; includeInIndex = 0; path = neoNetworkUITests.xctest; sourceTree = BUILT_PRODUCTS_DIR; };
		C0FEE1A02012ACE900D56C99 /* neoNetworkUITests.swift */ = {isa = PBXFileReference; lastKnownFileType = sourcecode.swift; path = neoNetworkUITests.swift; sourceTree = "<group>"; };
		C0FEE1A22012ACE900D56C99 /* Info.plist */ = {isa = PBXFileReference; lastKnownFileType = text.plist.xml; path = Info.plist; sourceTree = "<group>"; };
		C0FEE1AE2012CCDD00D56C99 /* Podfile */ = {isa = PBXFileReference; lastKnownFileType = text; path = Podfile; sourceTree = "<group>"; xcLanguageSpecificationIdentifier = xcode.lang.ruby; };
		DD496FFCB384F677E92B39A1 /* Pods-neoNetwork.debug.xcconfig */ = {isa = PBXFileReference; includeInIndex = 1; lastKnownFileType = text.xcconfig; name = "Pods-neoNetwork.debug.xcconfig"; path = "Pods/Target Support Files/Pods-neoNetwork/Pods-neoNetwork.debug.xcconfig"; sourceTree = "<group>"; };
		F276EAE94A61FFC2E3438F0A /* Pods-neoNetwork.release.xcconfig */ = {isa = PBXFileReference; includeInIndex = 1; lastKnownFileType = text.xcconfig; name = "Pods-neoNetwork.release.xcconfig"; path = "Pods/Target Support Files/Pods-neoNetwork/Pods-neoNetwork.release.xcconfig"; sourceTree = "<group>"; };
/* End PBXFileReference section */

/* Begin PBXFrameworksBuildPhase section */
		C0FEE17A2012ACE900D56C99 /* Frameworks */ = {
			isa = PBXFrameworksBuildPhase;
			buildActionMask = 2147483647;
			files = (
				DB1BA980722C19F998FC1CE5 /* Pods_neoNetwork.framework in Frameworks */,
			);
			runOnlyForDeploymentPostprocessing = 0;
		};
		C0FEE18E2012ACE900D56C99 /* Frameworks */ = {
			isa = PBXFrameworksBuildPhase;
			buildActionMask = 2147483647;
			files = (
			);
			runOnlyForDeploymentPostprocessing = 0;
		};
		C0FEE1992012ACE900D56C99 /* Frameworks */ = {
			isa = PBXFrameworksBuildPhase;
			buildActionMask = 2147483647;
			files = (
			);
			runOnlyForDeploymentPostprocessing = 0;
		};
/* End PBXFrameworksBuildPhase section */

/* Begin PBXGroup section */
		897EB1AF80469895380D10E7 /* Frameworks */ = {
			isa = PBXGroup;
			children = (
				1569A03B4695DEDD7BE51264 /* Pods_neoNetwork.framework */,
			);
			name = Frameworks;
			sourceTree = "<group>";
		};
		C0A27CA6201350FA00F5B94F /* Networking */ = {
			isa = PBXGroup;
			children = (
				C0A27CA72013510C00F5B94F /* QueryService.swift */,
			);
			path = Networking;
			sourceTree = "<group>";
		};
		C0A27CA92013E74C00F5B94F /* Model */ = {
			isa = PBXGroup;
			children = (
				C0A27CAC2013E99A00F5B94F /* CoinModel.swift */,
				C0D67D8F202080CC00A00551 /* ChartModel.swift */,
			);
			path = Model;
			sourceTree = "<group>";
		};
		C0FEE1742012ACE900D56C99 = {
			isa = PBXGroup;
			children = (
				C0FEE1AE2012CCDD00D56C99 /* Podfile */,
				C0FEE17F2012ACE900D56C99 /* neoNetwork */,
				C0FEE1942012ACE900D56C99 /* neoNetworkTests */,
				C0FEE19F2012ACE900D56C99 /* neoNetworkUITests */,
				C0FEE17E2012ACE900D56C99 /* Products */,
				E7C4052DEEC20E41FF92E0D5 /* Pods */,
				897EB1AF80469895380D10E7 /* Frameworks */,
			);
			sourceTree = "<group>";
		};
		C0FEE17E2012ACE900D56C99 /* Products */ = {
			isa = PBXGroup;
			children = (
				C0FEE17D2012ACE900D56C99 /* neoNetwork.app */,
				C0FEE1912012ACE900D56C99 /* neoNetworkTests.xctest */,
				C0FEE19C2012ACE900D56C99 /* neoNetworkUITests.xctest */,
			);
			name = Products;
			sourceTree = "<group>";
		};
		C0FEE17F2012ACE900D56C99 /* neoNetwork */ = {
			isa = PBXGroup;
			children = (
				C00F88FB2016A23100EF77C0 /* Assets.xcassets */,
				C0A27CA92013E74C00F5B94F /* Model */,
				C0A27CA6201350FA00F5B94F /* Networking */,
				C0FEE1802012ACE900D56C99 /* AppDelegate.swift */,
				C0FEE1822012ACE900D56C99 /* ViewController.swift */,
				C0FEE1842012ACE900D56C99 /* Main.storyboard */,
				C0FEE1892012ACE900D56C99 /* LaunchScreen.storyboard */,
				C0FEE18C2012ACE900D56C99 /* Info.plist */,
				C00F88FF2019D2DA00EF77C0 /* ICOCell.swift */,
				C08CF126201ACB1300E8C927 /* NEP5Cell.swift */,
			);
			path = neoNetwork;
			sourceTree = "<group>";
		};
		C0FEE1942012ACE900D56C99 /* neoNetworkTests */ = {
			isa = PBXGroup;
			children = (
				C0FEE1952012ACE900D56C99 /* neoNetworkTests.swift */,
				C0FEE1972012ACE900D56C99 /* Info.plist */,
			);
			path = neoNetworkTests;
			sourceTree = "<group>";
		};
		C0FEE19F2012ACE900D56C99 /* neoNetworkUITests */ = {
			isa = PBXGroup;
			children = (
				C0FEE1A02012ACE900D56C99 /* neoNetworkUITests.swift */,
				C0FEE1A22012ACE900D56C99 /* Info.plist */,
			);
			path = neoNetworkUITests;
			sourceTree = "<group>";
		};
		E7C4052DEEC20E41FF92E0D5 /* Pods */ = {
			isa = PBXGroup;
			children = (
				DD496FFCB384F677E92B39A1 /* Pods-neoNetwork.debug.xcconfig */,
				F276EAE94A61FFC2E3438F0A /* Pods-neoNetwork.release.xcconfig */,
			);
			name = Pods;
			sourceTree = "<group>";
		};
/* End PBXGroup section */

/* Begin PBXNativeTarget section */
		C0FEE17C2012ACE900D56C99 /* neoNetwork */ = {
			isa = PBXNativeTarget;
			buildConfigurationList = C0FEE1A52012ACE900D56C99 /* Build configuration list for PBXNativeTarget "neoNetwork" */;
			buildPhases = (
				CDDE36C1B542A98D26B4BF08 /* [CP] Check Pods Manifest.lock */,
				C0FEE1792012ACE900D56C99 /* Sources */,
				C0FEE17A2012ACE900D56C99 /* Frameworks */,
				C0FEE17B2012ACE900D56C99 /* Resources */,
				B9A6DDE493415D71D7B138BA /* [CP] Embed Pods Frameworks */,
				F257E915EB8A88E519F9AE5A /* [CP] Copy Pods Resources */,
			);
			buildRules = (
			);
			dependencies = (
			);
			name = neoNetwork;
			productName = neoNetwork;
			productReference = C0FEE17D2012ACE900D56C99 /* neoNetwork.app */;
			productType = "com.apple.product-type.application";
		};
		C0FEE1902012ACE900D56C99 /* neoNetworkTests */ = {
			isa = PBXNativeTarget;
			buildConfigurationList = C0FEE1A82012ACE900D56C99 /* Build configuration list for PBXNativeTarget "neoNetworkTests" */;
			buildPhases = (
				C0FEE18D2012ACE900D56C99 /* Sources */,
				C0FEE18E2012ACE900D56C99 /* Frameworks */,
				C0FEE18F2012ACE900D56C99 /* Resources */,
			);
			buildRules = (
			);
			dependencies = (
				C0FEE1932012ACE900D56C99 /* PBXTargetDependency */,
			);
			name = neoNetworkTests;
			productName = neoNetworkTests;
			productReference = C0FEE1912012ACE900D56C99 /* neoNetworkTests.xctest */;
			productType = "com.apple.product-type.bundle.unit-test";
		};
		C0FEE19B2012ACE900D56C99 /* neoNetworkUITests */ = {
			isa = PBXNativeTarget;
			buildConfigurationList = C0FEE1AB2012ACE900D56C99 /* Build configuration list for PBXNativeTarget "neoNetworkUITests" */;
			buildPhases = (
				C0FEE1982012ACE900D56C99 /* Sources */,
				C0FEE1992012ACE900D56C99 /* Frameworks */,
				C0FEE19A2012ACE900D56C99 /* Resources */,
			);
			buildRules = (
			);
			dependencies = (
				C0FEE19E2012ACE900D56C99 /* PBXTargetDependency */,
			);
			name = neoNetworkUITests;
			productName = neoNetworkUITests;
			productReference = C0FEE19C2012ACE900D56C99 /* neoNetworkUITests.xctest */;
			productType = "com.apple.product-type.bundle.ui-testing";
		};
/* End PBXNativeTarget section */

/* Begin PBXProject section */
		C0FEE1752012ACE900D56C99 /* Project object */ = {
			isa = PBXProject;
			attributes = {
				LastSwiftUpdateCheck = 0920;
				LastUpgradeCheck = 0920;
				ORGANIZATIONNAME = "Alexander Sung";
				TargetAttributes = {
					C0FEE17C2012ACE900D56C99 = {
						CreatedOnToolsVersion = 9.2;
						ProvisioningStyle = Automatic;
					};
					C0FEE1902012ACE900D56C99 = {
						CreatedOnToolsVersion = 9.2;
						ProvisioningStyle = Automatic;
						TestTargetID = C0FEE17C2012ACE900D56C99;
					};
					C0FEE19B2012ACE900D56C99 = {
						CreatedOnToolsVersion = 9.2;
						ProvisioningStyle = Automatic;
						TestTargetID = C0FEE17C2012ACE900D56C99;
					};
				};
			};
			buildConfigurationList = C0FEE1782012ACE900D56C99 /* Build configuration list for PBXProject "neoNetwork" */;
			compatibilityVersion = "Xcode 8.0";
			developmentRegion = en;
			hasScannedForEncodings = 0;
			knownRegions = (
				en,
				Base,
			);
			mainGroup = C0FEE1742012ACE900D56C99;
			productRefGroup = C0FEE17E2012ACE900D56C99 /* Products */;
			projectDirPath = "";
			projectRoot = "";
			targets = (
				C0FEE17C2012ACE900D56C99 /* neoNetwork */,
				C0FEE1902012ACE900D56C99 /* neoNetworkTests */,
				C0FEE19B2012ACE900D56C99 /* neoNetworkUITests */,
			);
		};
/* End PBXProject section */

/* Begin PBXResourcesBuildPhase section */
		C0FEE17B2012ACE900D56C99 /* Resources */ = {
			isa = PBXResourcesBuildPhase;
			buildActionMask = 2147483647;
			files = (
				C0FEE18B2012ACE900D56C99 /* LaunchScreen.storyboard in Resources */,
				C00F88FC2016A23100EF77C0 /* Assets.xcassets in Resources */,
				C0FEE1862012ACE900D56C99 /* Main.storyboard in Resources */,
			);
			runOnlyForDeploymentPostprocessing = 0;
		};
		C0FEE18F2012ACE900D56C99 /* Resources */ = {
			isa = PBXResourcesBuildPhase;
			buildActionMask = 2147483647;
			files = (
			);
			runOnlyForDeploymentPostprocessing = 0;
		};
		C0FEE19A2012ACE900D56C99 /* Resources */ = {
			isa = PBXResourcesBuildPhase;
			buildActionMask = 2147483647;
			files = (
			);
			runOnlyForDeploymentPostprocessing = 0;
		};
/* End PBXResourcesBuildPhase section */

/* Begin PBXShellScriptBuildPhase section */
		B9A6DDE493415D71D7B138BA /* [CP] Embed Pods Frameworks */ = {
			isa = PBXShellScriptBuildPhase;
			buildActionMask = 2147483647;
			files = (
			);
			inputPaths = (
				"${SRCROOT}/Pods/Target Support Files/Pods-neoNetwork/Pods-neoNetwork-frameworks.sh",
				"${BUILT_PRODUCTS_DIR}/Charts/Charts.framework",
			);
			name = "[CP] Embed Pods Frameworks";
			outputPaths = (
				"${TARGET_BUILD_DIR}/${FRAMEWORKS_FOLDER_PATH}/Charts.framework",
			);
			runOnlyForDeploymentPostprocessing = 0;
			shellPath = /bin/sh;
			shellScript = "\"${SRCROOT}/Pods/Target Support Files/Pods-neoNetwork/Pods-neoNetwork-frameworks.sh\"\n";
			showEnvVarsInLog = 0;
		};
		CDDE36C1B542A98D26B4BF08 /* [CP] Check Pods Manifest.lock */ = {
			isa = PBXShellScriptBuildPhase;
			buildActionMask = 2147483647;
			files = (
			);
			inputPaths = (
				"${PODS_PODFILE_DIR_PATH}/Podfile.lock",
				"${PODS_ROOT}/Manifest.lock",
			);
			name = "[CP] Check Pods Manifest.lock";
			outputPaths = (
				"$(DERIVED_FILE_DIR)/Pods-neoNetwork-checkManifestLockResult.txt",
			);
			runOnlyForDeploymentPostprocessing = 0;
			shellPath = /bin/sh;
			shellScript = "diff \"${PODS_PODFILE_DIR_PATH}/Podfile.lock\" \"${PODS_ROOT}/Manifest.lock\" > /dev/null\nif [ $? != 0 ] ; then\n    # print error to STDERR\n    echo \"error: The sandbox is not in sync with the Podfile.lock. Run 'pod install' or update your CocoaPods installation.\" >&2\n    exit 1\nfi\n# This output is used by Xcode 'outputs' to avoid re-running this script phase.\necho \"SUCCESS\" > \"${SCRIPT_OUTPUT_FILE_0}\"\n";
			showEnvVarsInLog = 0;
		};
		F257E915EB8A88E519F9AE5A /* [CP] Copy Pods Resources */ = {
			isa = PBXShellScriptBuildPhase;
			buildActionMask = 2147483647;
			files = (
			);
			inputPaths = (
			);
			name = "[CP] Copy Pods Resources";
			outputPaths = (
			);
			runOnlyForDeploymentPostprocessing = 0;
			shellPath = /bin/sh;
			shellScript = "\"${SRCROOT}/Pods/Target Support Files/Pods-neoNetwork/Pods-neoNetwork-resources.sh\"\n";
			showEnvVarsInLog = 0;
		};
/* End PBXShellScriptBuildPhase section */

/* Begin PBXSourcesBuildPhase section */
		C0FEE1792012ACE900D56C99 /* Sources */ = {
			isa = PBXSourcesBuildPhase;
			buildActionMask = 2147483647;
			files = (
				C08CF127201ACB1300E8C927 /* NEP5Cell.swift in Sources */,
				C0A27CAD2013E99A00F5B94F /* CoinModel.swift in Sources */,
				C00F89002019D2DA00EF77C0 /* ICOCell.swift in Sources */,
				C0A27CA82013510C00F5B94F /* QueryService.swift in Sources */,
				C0FEE1AF2012CCDD00D56C99 /* Podfile in Sources */,
				C0FEE1832012ACE900D56C99 /* ViewController.swift in Sources */,
				C0D67D90202080CC00A00551 /* ChartModel.swift in Sources */,
				C0FEE1812012ACE900D56C99 /* AppDelegate.swift in Sources */,
			);
			runOnlyForDeploymentPostprocessing = 0;
		};
		C0FEE18D2012ACE900D56C99 /* Sources */ = {
			isa = PBXSourcesBuildPhase;
			buildActionMask = 2147483647;
			files = (
				C0FEE1962012ACE900D56C99 /* neoNetworkTests.swift in Sources */,
			);
			runOnlyForDeploymentPostprocessing = 0;
		};
		C0FEE1982012ACE900D56C99 /* Sources */ = {
			isa = PBXSourcesBuildPhase;
			buildActionMask = 2147483647;
			files = (
				C0FEE1A12012ACE900D56C99 /* neoNetworkUITests.swift in Sources */,
			);
			runOnlyForDeploymentPostprocessing = 0;
		};
/* End PBXSourcesBuildPhase section */

/* Begin PBXTargetDependency section */
		C0FEE1932012ACE900D56C99 /* PBXTargetDependency */ = {
			isa = PBXTargetDependency;
			target = C0FEE17C2012ACE900D56C99 /* neoNetwork */;
			targetProxy = C0FEE1922012ACE900D56C99 /* PBXContainerItemProxy */;
		};
		C0FEE19E2012ACE900D56C99 /* PBXTargetDependency */ = {
			isa = PBXTargetDependency;
			target = C0FEE17C2012ACE900D56C99 /* neoNetwork */;
			targetProxy = C0FEE19D2012ACE900D56C99 /* PBXContainerItemProxy */;
		};
/* End PBXTargetDependency section */

/* Begin PBXVariantGroup section */
		C0FEE1842012ACE900D56C99 /* Main.storyboard */ = {
			isa = PBXVariantGroup;
			children = (
				C0FEE1852012ACE900D56C99 /* Base */,
			);
			name = Main.storyboard;
			sourceTree = "<group>";
		};
		C0FEE1892012ACE900D56C99 /* LaunchScreen.storyboard */ = {
			isa = PBXVariantGroup;
			children = (
				C0FEE18A2012ACE900D56C99 /* Base */,
			);
			name = LaunchScreen.storyboard;
			sourceTree = "<group>";
		};
/* End PBXVariantGroup section */

/* Begin XCBuildConfiguration section */
		C0FEE1A32012ACE900D56C99 /* Debug */ = {
			isa = XCBuildConfiguration;
			buildSettings = {
				ALWAYS_SEARCH_USER_PATHS = NO;
				CLANG_ANALYZER_NONNULL = YES;
				CLANG_ANALYZER_NUMBER_OBJECT_CONVERSION = YES_AGGRESSIVE;
				CLANG_CXX_LANGUAGE_STANDARD = "gnu++14";
				CLANG_CXX_LIBRARY = "libc++";
				CLANG_ENABLE_MODULES = YES;
				CLANG_ENABLE_OBJC_ARC = YES;
				CLANG_WARN_BLOCK_CAPTURE_AUTORELEASING = YES;
				CLANG_WARN_BOOL_CONVERSION = YES;
				CLANG_WARN_COMMA = YES;
				CLANG_WARN_CONSTANT_CONVERSION = YES;
				CLANG_WARN_DIRECT_OBJC_ISA_USAGE = YES_ERROR;
				CLANG_WARN_DOCUMENTATION_COMMENTS = YES;
				CLANG_WARN_EMPTY_BODY = YES;
				CLANG_WARN_ENUM_CONVERSION = YES;
				CLANG_WARN_INFINITE_RECURSION = YES;
				CLANG_WARN_INT_CONVERSION = YES;
				CLANG_WARN_NON_LITERAL_NULL_CONVERSION = YES;
				CLANG_WARN_OBJC_LITERAL_CONVERSION = YES;
				CLANG_WARN_OBJC_ROOT_CLASS = YES_ERROR;
				CLANG_WARN_RANGE_LOOP_ANALYSIS = YES;
				CLANG_WARN_STRICT_PROTOTYPES = YES;
				CLANG_WARN_SUSPICIOUS_MOVE = YES;
				CLANG_WARN_UNGUARDED_AVAILABILITY = YES_AGGRESSIVE;
				CLANG_WARN_UNREACHABLE_CODE = YES;
				CLANG_WARN__DUPLICATE_METHOD_MATCH = YES;
				CODE_SIGN_IDENTITY = "iPhone Developer";
				COPY_PHASE_STRIP = NO;
				DEBUG_INFORMATION_FORMAT = dwarf;
				ENABLE_STRICT_OBJC_MSGSEND = YES;
				ENABLE_TESTABILITY = YES;
				GCC_C_LANGUAGE_STANDARD = gnu11;
				GCC_DYNAMIC_NO_PIC = NO;
				GCC_NO_COMMON_BLOCKS = YES;
				GCC_OPTIMIZATION_LEVEL = 0;
				GCC_PREPROCESSOR_DEFINITIONS = (
					"DEBUG=1",
					"$(inherited)",
				);
				GCC_WARN_64_TO_32_BIT_CONVERSION = YES;
				GCC_WARN_ABOUT_RETURN_TYPE = YES_ERROR;
				GCC_WARN_UNDECLARED_SELECTOR = YES;
				GCC_WARN_UNINITIALIZED_AUTOS = YES_AGGRESSIVE;
				GCC_WARN_UNUSED_FUNCTION = YES;
				GCC_WARN_UNUSED_VARIABLE = YES;
				IPHONEOS_DEPLOYMENT_TARGET = 11.2;
				MTL_ENABLE_DEBUG_INFO = YES;
				ONLY_ACTIVE_ARCH = YES;
				SDKROOT = iphoneos;
				SWIFT_ACTIVE_COMPILATION_CONDITIONS = DEBUG;
				SWIFT_OPTIMIZATION_LEVEL = "-Onone";
			};
			name = Debug;
		};
		C0FEE1A42012ACE900D56C99 /* Release */ = {
			isa = XCBuildConfiguration;
			buildSettings = {
				ALWAYS_SEARCH_USER_PATHS = NO;
				CLANG_ANALYZER_NONNULL = YES;
				CLANG_ANALYZER_NUMBER_OBJECT_CONVERSION = YES_AGGRESSIVE;
				CLANG_CXX_LANGUAGE_STANDARD = "gnu++14";
				CLANG_CXX_LIBRARY = "libc++";
				CLANG_ENABLE_MODULES = YES;
				CLANG_ENABLE_OBJC_ARC = YES;
				CLANG_WARN_BLOCK_CAPTURE_AUTORELEASING = YES;
				CLANG_WARN_BOOL_CONVERSION = YES;
				CLANG_WARN_COMMA = YES;
				CLANG_WARN_CONSTANT_CONVERSION = YES;
				CLANG_WARN_DIRECT_OBJC_ISA_USAGE = YES_ERROR;
				CLANG_WARN_DOCUMENTATION_COMMENTS = YES;
				CLANG_WARN_EMPTY_BODY = YES;
				CLANG_WARN_ENUM_CONVERSION = YES;
				CLANG_WARN_INFINITE_RECURSION = YES;
				CLANG_WARN_INT_CONVERSION = YES;
				CLANG_WARN_NON_LITERAL_NULL_CONVERSION = YES;
				CLANG_WARN_OBJC_LITERAL_CONVERSION = YES;
				CLANG_WARN_OBJC_ROOT_CLASS = YES_ERROR;
				CLANG_WARN_RANGE_LOOP_ANALYSIS = YES;
				CLANG_WARN_STRICT_PROTOTYPES = YES;
				CLANG_WARN_SUSPICIOUS_MOVE = YES;
				CLANG_WARN_UNGUARDED_AVAILABILITY = YES_AGGRESSIVE;
				CLANG_WARN_UNREACHABLE_CODE = YES;
				CLANG_WARN__DUPLICATE_METHOD_MATCH = YES;
				CODE_SIGN_IDENTITY = "iPhone Developer";
				COPY_PHASE_STRIP = NO;
				DEBUG_INFORMATION_FORMAT = "dwarf-with-dsym";
				ENABLE_NS_ASSERTIONS = NO;
				ENABLE_STRICT_OBJC_MSGSEND = YES;
				GCC_C_LANGUAGE_STANDARD = gnu11;
				GCC_NO_COMMON_BLOCKS = YES;
				GCC_WARN_64_TO_32_BIT_CONVERSION = YES;
				GCC_WARN_ABOUT_RETURN_TYPE = YES_ERROR;
				GCC_WARN_UNDECLARED_SELECTOR = YES;
				GCC_WARN_UNINITIALIZED_AUTOS = YES_AGGRESSIVE;
				GCC_WARN_UNUSED_FUNCTION = YES;
				GCC_WARN_UNUSED_VARIABLE = YES;
				IPHONEOS_DEPLOYMENT_TARGET = 11.2;
				MTL_ENABLE_DEBUG_INFO = NO;
				SDKROOT = iphoneos;
				SWIFT_OPTIMIZATION_LEVEL = "-Owholemodule";
				VALIDATE_PRODUCT = YES;
			};
			name = Release;
		};
		C0FEE1A62012ACE900D56C99 /* Debug */ = {
			isa = XCBuildConfiguration;
			baseConfigurationReference = DD496FFCB384F677E92B39A1 /* Pods-neoNetwork.debug.xcconfig */;
			buildSettings = {
				ASSETCATALOG_COMPILER_APPICON_NAME = AppIcon;
				CODE_SIGN_STYLE = Automatic;
				DEVELOPMENT_TEAM = 58Y8CKL368;
				INFOPLIST_FILE = neoNetwork/Info.plist;
				LD_RUNPATH_SEARCH_PATHS = "$(inherited) @executable_path/Frameworks";
				PRODUCT_BUNDLE_IDENTIFIER = xanderSung.neoNetwork;
				PRODUCT_NAME = "$(TARGET_NAME)";
				SWIFT_VERSION = 4.0;
				TARGETED_DEVICE_FAMILY = "1,2";
			};
			name = Debug;
		};
		C0FEE1A72012ACE900D56C99 /* Release */ = {
			isa = XCBuildConfiguration;
			baseConfigurationReference = F276EAE94A61FFC2E3438F0A /* Pods-neoNetwork.release.xcconfig */;
			buildSettings = {
				ASSETCATALOG_COMPILER_APPICON_NAME = AppIcon;
				CODE_SIGN_STYLE = Automatic;
				DEVELOPMENT_TEAM = 58Y8CKL368;
				INFOPLIST_FILE = neoNetwork/Info.plist;
				LD_RUNPATH_SEARCH_PATHS = "$(inherited) @executable_path/Frameworks";
				PRODUCT_BUNDLE_IDENTIFIER = xanderSung.neoNetwork;
				PRODUCT_NAME = "$(TARGET_NAME)";
				SWIFT_VERSION = 4.0;
				TARGETED_DEVICE_FAMILY = "1,2";
			};
			name = Release;
		};
		C0FEE1A92012ACE900D56C99 /* Debug */ = {
			isa = XCBuildConfiguration;
			buildSettings = {
				ALWAYS_EMBED_SWIFT_STANDARD_LIBRARIES = YES;
				BUNDLE_LOADER = "$(TEST_HOST)";
				CODE_SIGN_STYLE = Automatic;
				DEVELOPMENT_TEAM = 58Y8CKL368;
				INFOPLIST_FILE = neoNetworkTests/Info.plist;
				LD_RUNPATH_SEARCH_PATHS = "$(inherited) @executable_path/Frameworks @loader_path/Frameworks";
				PRODUCT_BUNDLE_IDENTIFIER = xanderSung.neoNetworkTests;
				PRODUCT_NAME = "$(TARGET_NAME)";
				SWIFT_VERSION = 4.0;
				TARGETED_DEVICE_FAMILY = "1,2";
				TEST_HOST = "$(BUILT_PRODUCTS_DIR)/neoNetwork.app/neoNetwork";
			};
			name = Debug;
		};
		C0FEE1AA2012ACE900D56C99 /* Release */ = {
			isa = XCBuildConfiguration;
			buildSettings = {
				ALWAYS_EMBED_SWIFT_STANDARD_LIBRARIES = YES;
				BUNDLE_LOADER = "$(TEST_HOST)";
				CODE_SIGN_STYLE = Automatic;
				DEVELOPMENT_TEAM = 58Y8CKL368;
				INFOPLIST_FILE = neoNetworkTests/Info.plist;
				LD_RUNPATH_SEARCH_PATHS = "$(inherited) @executable_path/Frameworks @loader_path/Frameworks";
				PRODUCT_BUNDLE_IDENTIFIER = xanderSung.neoNetworkTests;
				PRODUCT_NAME = "$(TARGET_NAME)";
				SWIFT_VERSION = 4.0;
				TARGETED_DEVICE_FAMILY = "1,2";
				TEST_HOST = "$(BUILT_PRODUCTS_DIR)/neoNetwork.app/neoNetwork";
			};
			name = Release;
		};
		C0FEE1AC2012ACE900D56C99 /* Debug */ = {
			isa = XCBuildConfiguration;
			buildSettings = {
				ALWAYS_EMBED_SWIFT_STANDARD_LIBRARIES = YES;
				CODE_SIGN_STYLE = Automatic;
				DEVELOPMENT_TEAM = 58Y8CKL368;
				INFOPLIST_FILE = neoNetworkUITests/Info.plist;
				LD_RUNPATH_SEARCH_PATHS = "$(inherited) @executable_path/Frameworks @loader_path/Frameworks";
				PRODUCT_BUNDLE_IDENTIFIER = xanderSung.neoNetworkUITests;
				PRODUCT_NAME = "$(TARGET_NAME)";
				SWIFT_VERSION = 4.0;
				TARGETED_DEVICE_FAMILY = "1,2";
				TEST_TARGET_NAME = neoNetwork;
			};
			name = Debug;
		};
		C0FEE1AD2012ACE900D56C99 /* Release */ = {
			isa = XCBuildConfiguration;
			buildSettings = {
				ALWAYS_EMBED_SWIFT_STANDARD_LIBRARIES = YES;
				CODE_SIGN_STYLE = Automatic;
				DEVELOPMENT_TEAM = 58Y8CKL368;
				INFOPLIST_FILE = neoNetworkUITests/Info.plist;
				LD_RUNPATH_SEARCH_PATHS = "$(inherited) @executable_path/Frameworks @loader_path/Frameworks";
				PRODUCT_BUNDLE_IDENTIFIER = xanderSung.neoNetworkUITests;
				PRODUCT_NAME = "$(TARGET_NAME)";
				SWIFT_VERSION = 4.0;
				TARGETED_DEVICE_FAMILY = "1,2";
				TEST_TARGET_NAME = neoNetwork;
			};
			name = Release;
		};
/* End XCBuildConfiguration section */

/* Begin XCConfigurationList section */
		C0FEE1782012ACE900D56C99 /* Build configuration list for PBXProject "neoNetwork" */ = {
			isa = XCConfigurationList;
			buildConfigurations = (
				C0FEE1A32012ACE900D56C99 /* Debug */,
				C0FEE1A42012ACE900D56C99 /* Release */,
			);
			defaultConfigurationIsVisible = 0;
			defaultConfigurationName = Release;
		};
		C0FEE1A52012ACE900D56C99 /* Build configuration list for PBXNativeTarget "neoNetwork" */ = {
			isa = XCConfigurationList;
			buildConfigurations = (
				C0FEE1A62012ACE900D56C99 /* Debug */,
				C0FEE1A72012ACE900D56C99 /* Release */,
			);
			defaultConfigurationIsVisible = 0;
			defaultConfigurationName = Release;
		};
		C0FEE1A82012ACE900D56C99 /* Build configuration list for PBXNativeTarget "neoNetworkTests" */ = {
			isa = XCConfigurationList;
			buildConfigurations = (
				C0FEE1A92012ACE900D56C99 /* Debug */,
				C0FEE1AA2012ACE900D56C99 /* Release */,
			);
			defaultConfigurationIsVisible = 0;
			defaultConfigurationName = Release;
		};
		C0FEE1AB2012ACE900D56C99 /* Build configuration list for PBXNativeTarget "neoNetworkUITests" */ = {
			isa = XCConfigurationList;
			buildConfigurations = (
				C0FEE1AC2012ACE900D56C99 /* Debug */,
				C0FEE1AD2012ACE900D56C99 /* Release */,
			);
			defaultConfigurationIsVisible = 0;
			defaultConfigurationName = Release;
		};
/* End XCConfigurationList section */
	};
	rootObject = C0FEE1752012ACE900D56C99 /* Project object */;
}
